
Microsoft Visual Studio Solution File, Format Version 12.00
Project("{FAE04EC0-301F-11D3-BF4B-00C04F79EFBC}") = "Delivery", "Delivery/Delivery.csproj", "{59C462B9-2378-460A-9DE5-E4E253B46B41}"
EndProject
Project("{FAE04EC0-301F-11D3-BF4B-00C04F79EFBC}") = "Domain", "Domain\Domain.csproj", "{81CB9571-FEBB-4FB1-8CD4-7D5A00F7628A}"
EndProject
Project("{FAE04EC0-301F-11D3-BF4B-00C04F79EFBC}") = "DomainTests", "DomainTests\DomainTests.csproj", "{18C85199-40EC-4AAC-87F3-A5AFDC5784BD}"
EndProject
Project("{FAE04EC0-301F-11D3-BF4B-00C04F79EFBC}") = "DeliveryTests", "DeliveryTests\DeliveryTests.csproj", "{EB111D6B-821D-4AF9-9462-A499ADD0FBA8}"
EndProject
Global
	GlobalSection(SolutionConfigurationPlatforms) = preSolution
		Debug|Any CPU = Debug|Any CPU
		Release|Any CPU = Release|Any CPU
	EndGlobalSection
	GlobalSection(ProjectConfigurationPlatforms) = postSolution
		{59C462B9-2378-460A-9DE5-E4E253B46B41}.Debug|Any CPU.ActiveCfg = Debug|Any CPU
		{59C462B9-2378-460A-9DE5-E4E253B46B41}.Debug|Any CPU.Build.0 = Debug|Any CPU
		{59C462B9-2378-460A-9DE5-E4E253B46B41}.Release|Any CPU.ActiveCfg = Release|Any CPU
		{59C462B9-2378-460A-9DE5-E4E253B46B41}.Release|Any CPU.Build.0 = Release|Any CPU
		{81CB9571-FEBB-4FB1-8CD4-7D5A00F7628A}.Debug|Any CPU.ActiveCfg = Debug|Any CPU
		{81CB9571-FEBB-4FB1-8CD4-7D5A00F7628A}.Debug|Any CPU.Build.0 = Debug|Any CPU
		{81CB9571-FEBB-4FB1-8CD4-7D5A00F7628A}.Release|Any CPU.ActiveCfg = Release|Any CPU
		{81CB9571-FEBB-4FB1-8CD4-7D5A00F7628A}.Release|Any CPU.Build.0 = Release|Any CPU
		{18C85199-40EC-4AAC-87F3-A5AFDC5784BD}.Debug|Any CPU.ActiveCfg = Debug|Any CPU
		{18C85199-40EC-4AAC-87F3-A5AFDC5784BD}.Debug|Any CPU.Build.0 = Debug|Any CPU
		{18C85199-40EC-4AAC-87F3-A5AFDC5784BD}.Release|Any CPU.ActiveCfg = Release|Any CPU
		{18C85199-40EC-4AAC-87F3-A5AFDC5784BD}.Release|Any CPU.Build.0 = Release|Any CPU
		{EB111D6B-821D-4AF9-9462-A499ADD0FBA8}.Debug|Any CPU.ActiveCfg = Debug|Any CPU
		{EB111D6B-821D-4AF9-9462-A499ADD0FBA8}.Debug|Any CPU.Build.0 = Debug|Any CPU
		{EB111D6B-821D-4AF9-9462-A499ADD0FBA8}.Release|Any CPU.ActiveCfg = Release|Any CPU
		{EB111D6B-821D-4AF9-9462-A499ADD0FBA8}.Release|Any CPU.Build.0 = Release|Any CPU
	EndGlobalSection
EndGlobal
